
Microsoft Visual Studio Solution File, Format Version 12.00
# Visual Studio Version 16
VisualStudioVersion = 16.0.29609.76
MinimumVisualStudioVersion = 10.0.40219.1
Project("{FAE04EC0-301F-11D3-BF4B-00C04F79EFBC}") = "BlazorDemo", "BlazorDemo\BlazorDemo.csproj", "{CF1EC666-0C38-43D8-A93D-5285992E4DF6}"
EndProject
Global
	GlobalSection(SolutionConfigurationPlatforms) = preSolution
		Debug|Any CPU = Debug|Any CPU
		Release|Any CPU = Release|Any CPU
	EndGlobalSection
	GlobalSection(ProjectConfigurationPlatforms) = postSolution
		{CF1EC666-0C38-43D8-A93D-5285992E4DF6}.Debug|Any CPU.ActiveCfg = Debug|Any CPU
		{CF1EC666-0C38-43D8-A93D-5285992E4DF6}.Debug|Any CPU.Build.0 = Debug|Any CPU
		{CF1EC666-0C38-43D8-A93D-5285992E4DF6}.Release|Any CPU.ActiveCfg = Release|Any CPU
		{CF1EC666-0C38-43D8-A93D-5285992E4DF6}.Release|Any CPU.Build.0 = Release|Any CPU
	EndGlobalSection
	GlobalSection(SolutionProperties) = preSolution
		HideSolutionNode = FALSE
	EndGlobalSection
	GlobalSection(ExtensibilityGlobals) = postSolution
		SolutionGuid = {CF320164-97AD-443D-B174-9193ED02BEBD}
	EndGlobalSection
EndGlobal
